{
  "version": 4,
  "terraform_version": "1.2.3",
  "serial": 9,
  "lineage": "2213dabb-c63e-a90b-c957-bb6ebb9c8c07",
  "outputs": {
    "external_ip_address_node01_yandex_cloud": {
      "value": "51.250.94.37",
      "type": "string"
    },
    "internal_ip_address_node01_yandex_cloud": {
      "value": "192.168.101.22",
      "type": "string"
    }
  },
  "resources": [
    {
      "mode": "managed",
      "type": "yandex_compute_instance",
      "name": "node01",
      "provider": "provider[\"registry.terraform.io/yandex-cloud/yandex\"]",
      "instances": [
        {
          "schema_version": 1,
          "attributes": {
            "allow_recreate": null,
            "allow_stopping_for_update": true,
            "boot_disk": [
              {
                "auto_delete": true,
                "device_name": "fhm0urtd3rrrla5cfkps",
                "disk_id": "fhm0urtd3rrrla5cfkps",
                "initialize_params": [
                  {
                    "block_size": 4096,
                    "description": "",
                    "image_id": "fd8hvbpu9ui3fk7aajdk",
                    "name": "root-node01",
                    "size": 50,
                    "snapshot_id": "",
                    "type": "network-ssd"
                  }
                ],
                "mode": "READ_WRITE"
              }
            ],
            "created_at": "2022-06-18T20:46:04Z",
            "description": "",
            "folder_id": "b1g12foj2qebcbr2u6fl",
            "fqdn": "node01.netology.cloud",
            "hostname": "node01",
            "id": "fhm3sk871undh8j1h74t",
            "labels": null,
            "metadata": {
              "ssh-keys": "centos:ssh-rsa AAAAB3NzaC1yc2EAAAADAQABAAABgQDC583vjFRtBTQHeCa7lH9RBPJ/8vAeEp1wpjpSHzlqQuNzflborCDsJmho6y5O1SS+NGjWKAoBBaoDHdzxIPkDa677NkXA705wdhkiAXWdmbhS7Mx02ZsVuTeApQSBtciVkM2jDTNnsJ6AHJUtn32OpMxcplUgFQjOvAHkQ6UtUzy5PRgcTa5sqPXIhksnRXxpIWvXr6Oz1SiKDIqf5waQGylxfaYYDcpDWJhnADY/aRQmJfvxipeRFInJ7n190n08zKty7Xa3EGUzdkgTG0GSqbufZi2SIyghQCUXux9Nd52Pa2eW46bqn7l4VPFXBwm+NdD8iNa22nWciXCcVn3Dd63LHLn5wrwLZPkMocdlywnixSohjBE3k+ySakOBKVN3yDdwAjpTeHwXrEUCh8MCgtFUGMv8jU5SLghYJtOVcFQSB5UddIqHcv5RlA4msrxUkjJWUrSglaMOhPDu8wbz+Ys6gNgzYoHGfg2M0jP7Rf4fGJYnrPNJsS3TOzNSk8M= maladoy@MNB\n"
            },
            "name": "node01",
            "network_acceleration_type": "standard",
            "network_interface": [
              {
                "dns_record": [],
                "index": 0,
                "ip_address": "192.168.101.22",
                "ipv4": true,
                "ipv6": false,
                "ipv6_address": "",
                "ipv6_dns_record": [],
                "mac_address": "d0:0d:3e:51:07:0f",
                "nat": true,
                "nat_dns_record": [],
                "nat_ip_address": "51.250.94.37",
                "nat_ip_version": "IPV4",
                "security_group_ids": [],
                "subnet_id": "e9bgf3id0abck8k13sfc"
              }
            ],
            "placement_policy": [
              {
                "host_affinity_rules": [],
                "placement_group_id": ""
              }
            ],
            "platform_id": "standard-v1",
            "resources": [
              {
                "core_fraction": 100,
                "cores": 8,
                "gpus": 0,
                "memory": 8
              }
            ],
            "scheduling_policy": [
              {
                "preemptible": false
              }
            ],
            "secondary_disk": [],
            "service_account_id": "",
            "status": "running",
            "timeouts": null,
            "zone": "ru-central1-a"
          },
          "sensitive_attributes": [],
          "private": "eyJlMmJmYjczMC1lY2FhLTExZTYtOGY4OC0zNDM2M2JjN2M0YzAiOnsiY3JlYXRlIjozMDAwMDAwMDAwMDAsImRlbGV0ZSI6MzAwMDAwMDAwMDAwLCJ1cGRhdGUiOjMwMDAwMDAwMDAwMH0sInNjaGVtYV92ZXJzaW9uIjoiMSJ9",
          "dependencies": [
            "yandex_vpc_network.default",
            "yandex_vpc_subnet.default"
          ]
        }
      ]
    },
    {
      "mode": "managed",
      "type": "yandex_vpc_network",
      "name": "default",
      "provider": "provider[\"registry.terraform.io/yandex-cloud/yandex\"]",
      "instances": [
        {
          "schema_version": 0,
          "attributes": {
            "created_at": "2022-06-18T20:46:00Z",
            "default_security_group_id": "",
            "description": "",
            "folder_id": "b1g12foj2qebcbr2u6fl",
            "id": "enp7m23g3e6str2o10dj",
            "labels": {},
            "name": "net",
            "subnet_ids": [],
            "timeouts": null
          },
          "sensitive_attributes": [],
          "private": "eyJlMmJmYjczMC1lY2FhLTExZTYtOGY4OC0zNDM2M2JjN2M0YzAiOnsiY3JlYXRlIjo2MDAwMDAwMDAwMCwiZGVsZXRlIjo2MDAwMDAwMDAwMCwidXBkYXRlIjo2MDAwMDAwMDAwMH19"
        }
      ]
    },
    {
      "mode": "managed",
      "type": "yandex_vpc_subnet",
      "name": "default",
      "provider": "provider[\"registry.terraform.io/yandex-cloud/yandex\"]",
      "instances": [
        {
          "schema_version": 0,
          "attributes": {
            "created_at": "2022-06-18T20:46:02Z",
            "description": "",
            "dhcp_options": [],
            "folder_id": "b1g12foj2qebcbr2u6fl",
            "id": "e9bgf3id0abck8k13sfc",
            "labels": {},
            "name": "subnet",
            "network_id": "enp7m23g3e6str2o10dj",
            "route_table_id": "",
            "timeouts": null,
            "v4_cidr_blocks": [
              "192.168.101.0/24"
            ],
            "v6_cidr_blocks": [],
            "zone": "ru-central1-a"
          },
          "sensitive_attributes": [],
          "private": "eyJlMmJmYjczMC1lY2FhLTExZTYtOGY4OC0zNDM2M2JjN2M0YzAiOnsiY3JlYXRlIjoxODAwMDAwMDAwMDAsImRlbGV0ZSI6MTgwMDAwMDAwMDAwLCJ1cGRhdGUiOjE4MDAwMDAwMDAwMH19",
          "dependencies": [
            "yandex_vpc_network.default"
          ]
        }
      ]
    }
  ]
}
