{
  "version": 4,
  "terraform_version": "1.2.3",
  "serial": 5,
  "lineage": "2213dabb-c63e-a90b-c957-bb6ebb9c8c07",
  "outputs": {
    "external_ip_address_node01_yandex_cloud": {
      "value": "51.250.94.185",
      "type": "string"
    },
    "internal_ip_address_node01_yandex_cloud": {
      "value": "192.168.101.34",
      "type": "string"
    }
  },
  "resources": [
    {
      "mode": "managed",
      "type": "yandex_compute_instance",
      "name": "node01",
      "provider": "provider[\"registry.terraform.io/yandex-cloud/yandex\"]",
      "instances": [
        {
          "schema_version": 1,
          "attributes": {
            "allow_recreate": null,
            "allow_stopping_for_update": true,
            "boot_disk": [
              {
                "auto_delete": true,
                "device_name": "fhmnbv2g3pi21ucht4ln",
                "disk_id": "fhmnbv2g3pi21ucht4ln",
                "initialize_params": [
                  {
                    "block_size": 4096,
                    "description": "",
                    "image_id": "fd8hvbpu9ui3fk7aajdk",
                    "name": "root-node01",
                    "size": 50,
                    "snapshot_id": "",
                    "type": "network-ssd"
                  }
                ],
                "mode": "READ_WRITE"
              }
            ],
            "created_at": "2022-06-18T19:03:50Z",
            "description": "",
            "folder_id": "b1g12foj2qebcbr2u6fl",
            "fqdn": "node01.netology.cloud",
            "hostname": "node01",
            "id": "fhmhtbdvnamvr4togv48",
            "labels": null,
            "metadata": {
              "ssh-keys": "centos:ssh-rsa AAAAB3NzaC1yc2EAAAADAQABAAABAQC5VtenbxBxYdZc706FMEeujHnbbqczRcnvGfzRTaprhrav9wujXEHoAAgeeawkK6Z1Q2ihSgXvIgIv03l6uG1yvlNLEBg5d2IsPantEkk3n+Va2R3KOuIXyC0uZ5o9S7dUeWy+iOrUv20u7oWkfm+phQ1NSRc9NTsxaSU+1pPEz3juRVutSD92T1sT89eRBPD7gEir5r9Rvcg4PXnVQLxFrlShHG/Io0Sz6jHMrBG6CSTa7UnLUe3fmiM/gNJichUPft2ZjIkt8FwtHIjOoa/PSRX3Kd5eq5Ldm/cyWhhDhkz8FB5NwDwiaF6tro0ZTX8KeYVhlTnwOJ9FZjPC7pG3 krivo@MNB\r\n"
            },
            "name": "node01",
            "network_acceleration_type": "standard",
            "network_interface": [
              {
                "dns_record": [],
                "index": 0,
                "ip_address": "192.168.101.34",
                "ipv4": true,
                "ipv6": false,
                "ipv6_address": "",
                "ipv6_dns_record": [],
                "mac_address": "d0:0d:11:ea:db:fb",
                "nat": true,
                "nat_dns_record": [],
                "nat_ip_address": "51.250.94.185",
                "nat_ip_version": "IPV4",
                "security_group_ids": [],
                "subnet_id": "e9bupu5v1ldrdjir3f14"
              }
            ],
            "placement_policy": [
              {
                "host_affinity_rules": [],
                "placement_group_id": ""
              }
            ],
            "platform_id": "standard-v1",
            "resources": [
              {
                "core_fraction": 100,
                "cores": 8,
                "gpus": 0,
                "memory": 8
              }
            ],
            "scheduling_policy": [
              {
                "preemptible": false
              }
            ],
            "secondary_disk": [],
            "service_account_id": "",
            "status": "running",
            "timeouts": null,
            "zone": "ru-central1-a"
          },
          "sensitive_attributes": [],
          "private": "eyJlMmJmYjczMC1lY2FhLTExZTYtOGY4OC0zNDM2M2JjN2M0YzAiOnsiY3JlYXRlIjozMDAwMDAwMDAwMDAsImRlbGV0ZSI6MzAwMDAwMDAwMDAwLCJ1cGRhdGUiOjMwMDAwMDAwMDAwMH0sInNjaGVtYV92ZXJzaW9uIjoiMSJ9",
          "dependencies": [
            "yandex_vpc_network.default",
            "yandex_vpc_subnet.default"
          ]
        }
      ]
    },
    {
      "mode": "managed",
      "type": "yandex_vpc_network",
      "name": "default",
      "provider": "provider[\"registry.terraform.io/yandex-cloud/yandex\"]",
      "instances": [
        {
          "schema_version": 0,
          "attributes": {
            "created_at": "2022-06-18T19:03:46Z",
            "default_security_group_id": "",
            "description": "",
            "folder_id": "b1g12foj2qebcbr2u6fl",
            "id": "enp8e4g7o8v02o7m9b1r",
            "labels": {},
            "name": "net",
            "subnet_ids": [],
            "timeouts": null
          },
          "sensitive_attributes": [],
          "private": "eyJlMmJmYjczMC1lY2FhLTExZTYtOGY4OC0zNDM2M2JjN2M0YzAiOnsiY3JlYXRlIjo2MDAwMDAwMDAwMCwiZGVsZXRlIjo2MDAwMDAwMDAwMCwidXBkYXRlIjo2MDAwMDAwMDAwMH19"
        }
      ]
    },
    {
      "mode": "managed",
      "type": "yandex_vpc_subnet",
      "name": "default",
      "provider": "provider[\"registry.terraform.io/yandex-cloud/yandex\"]",
      "instances": [
        {
          "schema_version": 0,
          "attributes": {
            "created_at": "2022-06-18T19:03:47Z",
            "description": "",
            "dhcp_options": [],
            "folder_id": "b1g12foj2qebcbr2u6fl",
            "id": "e9bupu5v1ldrdjir3f14",
            "labels": {},
            "name": "subnet",
            "network_id": "enp8e4g7o8v02o7m9b1r",
            "route_table_id": "",
            "timeouts": null,
            "v4_cidr_blocks": [
              "192.168.101.0/24"
            ],
            "v6_cidr_blocks": [],
            "zone": "ru-central1-a"
          },
          "sensitive_attributes": [],
          "private": "eyJlMmJmYjczMC1lY2FhLTExZTYtOGY4OC0zNDM2M2JjN2M0YzAiOnsiY3JlYXRlIjoxODAwMDAwMDAwMDAsImRlbGV0ZSI6MTgwMDAwMDAwMDAwLCJ1cGRhdGUiOjE4MDAwMDAwMDAwMH19",
          "dependencies": [
            "yandex_vpc_network.default"
          ]
        }
      ]
    }
  ]
}
