{
  "version": 4,
  "terraform_version": "1.2.3",
  "serial": 9,
  "lineage": "292ac329-5e36-9142-c593-739cf6b2e430",
  "outputs": {
    "external_ip_address_node01_yandex_cloud": {
      "value": "51.250.81.23",
      "type": "string"
    },
    "internal_ip_address_node01_yandex_cloud": {
      "value": "192.168.101.27",
      "type": "string"
    }
  },
  "resources": [
    {
      "mode": "managed",
      "type": "yandex_compute_instance",
      "name": "node01",
      "provider": "provider[\"registry.terraform.io/yandex-cloud/yandex\"]",
      "instances": [
        {
          "schema_version": 1,
          "attributes": {
            "allow_recreate": null,
            "allow_stopping_for_update": true,
            "boot_disk": [
              {
                "auto_delete": true,
                "device_name": "fhmp1eo76bjr0abo2p8c",
                "disk_id": "fhmp1eo76bjr0abo2p8c",
                "initialize_params": [
                  {
                    "block_size": 4096,
                    "description": "",
                    "image_id": "fd87oklpl8qi3ekb32bn",
                    "name": "root-node01",
                    "size": 50,
                    "snapshot_id": "",
                    "type": "network-ssd"
                  }
                ],
                "mode": "READ_WRITE"
              }
            ],
            "created_at": "2022-07-15T09:00:27Z",
            "description": "",
            "folder_id": "b1gof3tpv5hsgupqqdf5",
            "fqdn": "node01.netology.cloud",
            "hostname": "node01",
            "id": "fhmn4lc66rislmh67pjs",
            "labels": null,
            "local_disk": [],
            "metadata": {
              "ssh-keys": "centos:ssh-rsa AAAAB3NzaC1yc2EAAAADAQABAAABgQC4qKluR3vYeZoARTinfwlveB9rAj1MYVLp/Oui8EB3zhYu4Zq3rn3xMUo73WHjfMtbEC9bd1qr1ZBkyI58grtc9yrYltSLvz0aBAqPFSLYgKOVeOmXtHePzwg2Pl90l2ZKCZv1Yw/7f1oBtVlul9QipSoCK+srcOJBnL0sUOp5EBCINz4t/KeZMlCK287PxOMpVvLWRDEguZO3p1lzJgirf1VX5lD3ZzcI4vv7PPhJAvK/Gchkb00uHqrac1mWdCDoFfdcNCn1oWXQbC5HUG2lSEyrMpvffxR6cSAp1d9pEQYP1na1wfhQEsQcDOIOJNEJXGDf3IIYol0//8VRfYkKMLZgQckVzWw6eQsBSHhPGle25vQCyDGtAOm+6E+t9Qv03xpkIzbC4jh8og3WA6U8Cr8FEVhukfL283HIml7MDLFTHCLJmgNnQ3uevGHDtG2iaKu4trJmikdLFI0tkmJYJeXHCBx3R13IdrHjFDeKw7yHoyE9YllNqCWYL7B1iik= root@mbook\n"
            },
            "name": "node01",
            "network_acceleration_type": "standard",
            "network_interface": [
              {
                "dns_record": [],
                "index": 0,
                "ip_address": "192.168.101.27",
                "ipv4": true,
                "ipv6": false,
                "ipv6_address": "",
                "ipv6_dns_record": [],
                "mac_address": "d0:0d:17:25:58:63",
                "nat": true,
                "nat_dns_record": [],
                "nat_ip_address": "51.250.81.23",
                "nat_ip_version": "IPV4",
                "security_group_ids": [],
                "subnet_id": "e9bomlafvl6ha10tffal"
              }
            ],
            "placement_policy": [
              {
                "host_affinity_rules": [],
                "placement_group_id": ""
              }
            ],
            "platform_id": "standard-v1",
            "resources": [
              {
                "core_fraction": 100,
                "cores": 8,
                "gpus": 0,
                "memory": 8
              }
            ],
            "scheduling_policy": [
              {
                "preemptible": false
              }
            ],
            "secondary_disk": [],
            "service_account_id": "",
            "status": "running",
            "timeouts": null,
            "zone": "ru-central1-a"
          },
          "sensitive_attributes": [],
          "private": "eyJlMmJmYjczMC1lY2FhLTExZTYtOGY4OC0zNDM2M2JjN2M0YzAiOnsiY3JlYXRlIjozMDAwMDAwMDAwMDAsImRlbGV0ZSI6MzAwMDAwMDAwMDAwLCJ1cGRhdGUiOjMwMDAwMDAwMDAwMH0sInNjaGVtYV92ZXJzaW9uIjoiMSJ9",
          "dependencies": [
            "yandex_vpc_network.default",
            "yandex_vpc_subnet.default"
          ]
        }
      ]
    },
    {
      "mode": "managed",
      "type": "yandex_vpc_network",
      "name": "default",
      "provider": "provider[\"registry.terraform.io/yandex-cloud/yandex\"]",
      "instances": [
        {
          "schema_version": 0,
          "attributes": {
            "created_at": "2022-07-15T09:00:20Z",
            "default_security_group_id": "",
            "description": "",
            "folder_id": "b1gof3tpv5hsgupqqdf5",
            "id": "enps1akuagmdcf0a0hir",
            "labels": {},
            "name": "net",
            "subnet_ids": [],
            "timeouts": null
          },
          "sensitive_attributes": [],
          "private": "eyJlMmJmYjczMC1lY2FhLTExZTYtOGY4OC0zNDM2M2JjN2M0YzAiOnsiY3JlYXRlIjo2MDAwMDAwMDAwMCwiZGVsZXRlIjo2MDAwMDAwMDAwMCwidXBkYXRlIjo2MDAwMDAwMDAwMH19"
        }
      ]
    },
    {
      "mode": "managed",
      "type": "yandex_vpc_subnet",
      "name": "default",
      "provider": "provider[\"registry.terraform.io/yandex-cloud/yandex\"]",
      "instances": [
        {
          "schema_version": 0,
          "attributes": {
            "created_at": "2022-07-15T09:00:22Z",
            "description": "",
            "dhcp_options": [],
            "folder_id": "b1gof3tpv5hsgupqqdf5",
            "id": "e9bomlafvl6ha10tffal",
            "labels": {},
            "name": "subnet",
            "network_id": "enps1akuagmdcf0a0hir",
            "route_table_id": "",
            "timeouts": null,
            "v4_cidr_blocks": [
              "192.168.101.0/24"
            ],
            "v6_cidr_blocks": [],
            "zone": "ru-central1-a"
          },
          "sensitive_attributes": [],
          "private": "eyJlMmJmYjczMC1lY2FhLTExZTYtOGY4OC0zNDM2M2JjN2M0YzAiOnsiY3JlYXRlIjoxODAwMDAwMDAwMDAsImRlbGV0ZSI6MTgwMDAwMDAwMDAwLCJ1cGRhdGUiOjE4MDAwMDAwMDAwMH19",
          "dependencies": [
            "yandex_vpc_network.default"
          ]
        }
      ]
    }
  ]
}
